// !$*UTF8*$!
{
	archiveVersion = 1;
	classes = {
	};
	objectVersion = 46;
	objects = {

/* Begin PBXBuildFile section */
		E37AB5021E1ACA2300B7DC58 /* main.m in Sources */ = {isa = PBXBuildFile; fileRef = E37AB5011E1ACA2300B7DC58 /* main.m */; };
		E37AB5051E1ACA2300B7DC58 /* AppDelegate.m in Sources */ = {isa = PBXBuildFile; fileRef = E37AB5041E1ACA2300B7DC58 /* AppDelegate.m */; };
		E37AB5081E1ACA2300B7DC58 /* ViewController.m in Sources */ = {isa = PBXBuildFile; fileRef = E37AB5071E1ACA2300B7DC58 /* ViewController.m */; };
		E37AB50B1E1ACA2300B7DC58 /* Main.storyboard in Resources */ = {isa = PBXBuildFile; fileRef = E37AB5091E1ACA2300B7DC58 /* Main.storyboard */; };
		E37AB50E1E1ACA2300B7DC58 /* Lefeside_Menu.xcdatamodeld in Sources */ = {isa = PBXBuildFile; fileRef = E37AB50C1E1ACA2300B7DC58 /* Lefeside_Menu.xcdatamodeld */; };
		E37AB5101E1ACA2300B7DC58 /* Assets.xcassets in Resources */ = {isa = PBXBuildFile; fileRef = E37AB50F1E1ACA2300B7DC58 /* Assets.xcassets */; };
		E37AB5131E1ACA2300B7DC58 /* LaunchScreen.storyboard in Resources */ = {isa = PBXBuildFile; fileRef = E37AB5111E1ACA2300B7DC58 /* LaunchScreen.storyboard */; };
/* End PBXBuildFile section */

/* Begin PBXFileReference section */
		E37AB4FD1E1ACA2200B7DC58 /* Lefeside_Menu.app */ = {isa = PBXFileReference; explicitFileType = wrapper.application; includeInIndex = 0; path = Lefeside_Menu.app; sourceTree = BUILT_PRODUCTS_DIR; };
		E37AB5011E1ACA2300B7DC58 /* main.m */ = {isa = PBXFileReference; lastKnownFileType = sourcecode.c.objc; path = main.m; sourceTree = "<group>"; };
		E37AB5031E1ACA2300B7DC58 /* AppDelegate.h */ = {isa = PBXFileReference; lastKnownFileType = sourcecode.c.h; path = AppDelegate.h; sourceTree = "<group>"; };
		E37AB5041E1ACA2300B7DC58 /* AppDelegate.m */ = {isa = PBXFileReference; lastKnownFileType = sourcecode.c.objc; path = AppDelegate.m; sourceTree = "<group>"; };
		E37AB5061E1ACA2300B7DC58 /* ViewController.h */ = {isa = PBXFileReference; lastKnownFileType = sourcecode.c.h; path = ViewController.h; sourceTree = "<group>"; };
		E37AB5071E1ACA2300B7DC58 /* ViewController.m */ = {isa = PBXFileReference; lastKnownFileType = sourcecode.c.objc; path = ViewController.m; sourceTree = "<group>"; };
		E37AB50A1E1ACA2300B7DC58 /* Base */ = {isa = PBXFileReference; lastKnownFileType = file.storyboard; name = Base; path = Base.lproj/Main.storyboard; sourceTree = "<group>"; };
		E37AB50D1E1ACA2300B7DC58 /* Lefeside_Menu.xcdatamodel */ = {isa = PBXFileReference; lastKnownFileType = wrapper.xcdatamodel; path = Lefeside_Menu.xcdatamodel; sourceTree = "<group>"; };
		E37AB50F1E1ACA2300B7DC58 /* Assets.xcassets */ = {isa = PBXFileReference; lastKnownFileType = folder.assetcatalog; path = Assets.xcassets; sourceTree = "<group>"; };
		E37AB5121E1ACA2300B7DC58 /* Base */ = {isa = PBXFileReference; lastKnownFileType = file.storyboard; name = Base; path = Base.lproj/LaunchScreen.storyboard; sourceTree = "<group>"; };
		E37AB5141E1ACA2300B7DC58 /* Info.plist */ = {isa = PBXFileReference; lastKnownFileType = text.plist.xml; path = Info.plist; sourceTree = "<group>"; };
/* End PBXFileReference section */

/* Begin PBXFrameworksBuildPhase section */
		E37AB4FA1E1ACA2200B7DC58 /* Frameworks */ = {
			isa = PBXFrameworksBuildPhase;
			buildActionMask = 2147483647;
			files = (
			);
			runOnlyForDeploymentPostprocessing = 0;
		};
/* End PBXFrameworksBuildPhase section */

/* Begin PBXGroup section */
		E37AB4F41E1ACA2200B7DC58 = {
			isa = PBXGroup;
			children = (
				E37AB4FF1E1ACA2200B7DC58 /* Lefeside_Menu */,
				E37AB4FE1E1ACA2200B7DC58 /* Products */,
			);
			sourceTree = "<group>";
		};
		E37AB4FE1E1ACA2200B7DC58 /* Products */ = {
			isa = PBXGroup;
			children = (
				E37AB4FD1E1ACA2200B7DC58 /* Lefeside_Menu.app */,
			);
			name = Products;
			sourceTree = "<group>";
		};
		E37AB4FF1E1ACA2200B7DC58 /* Lefeside_Menu */ = {
			isa = PBXGroup;
			children = (
				E37AB51A1E1ACA2A00B7DC58 /* New Group */,
				E37AB5031E1ACA2300B7DC58 /* AppDelegate.h */,
				E37AB5041E1ACA2300B7DC58 /* AppDelegate.m */,
				E37AB5061E1ACA2300B7DC58 /* ViewController.h */,
				E37AB5071E1ACA2300B7DC58 /* ViewController.m */,
				E37AB5091E1ACA2300B7DC58 /* Main.storyboard */,
				E37AB50F1E1ACA2300B7DC58 /* Assets.xcassets */,
				E37AB5111E1ACA2300B7DC58 /* LaunchScreen.storyboard */,
				E37AB5141E1ACA2300B7DC58 /* Info.plist */,
				E37AB50C1E1ACA2300B7DC58 /* Lefeside_Menu.xcdatamodeld */,
				E37AB5001E1ACA2300B7DC58 /* Supporting Files */,
			);
			path = Lefeside_Menu;
			sourceTree = "<group>";
		};
		E37AB5001E1ACA2300B7DC58 /* Supporting Files */ = {
			isa = PBXGroup;
			children = (
				E37AB5011E1ACA2300B7DC58 /* main.m */,
			);
			name = "Supporting Files";
			sourceTree = "<group>";
		};
		E37AB51A1E1ACA2A00B7DC58 /* New Group */ = {
			isa = PBXGroup;
			children = (
			);
			name = "New Group";
			sourceTree = "<group>";
		};
/* End PBXGroup section */

/* Begin PBXNativeTarget section */
		E37AB4FC1E1ACA2200B7DC58 /* Lefeside_Menu */ = {
			isa = PBXNativeTarget;
			buildConfigurationList = E37AB5171E1ACA2300B7DC58 /* Build configuration list for PBXNativeTarget "Lefeside_Menu" */;
			buildPhases = (
				E37AB4F91E1ACA2200B7DC58 /* Sources */,
				E37AB4FA1E1ACA2200B7DC58 /* Frameworks */,
				E37AB4FB1E1ACA2200B7DC58 /* Resources */,
			);
			buildRules = (
			);
			dependencies = (
			);
			name = Lefeside_Menu;
			productName = Lefeside_Menu;
			productReference = E37AB4FD1E1ACA2200B7DC58 /* Lefeside_Menu.app */;
			productType = "com.apple.product-type.application";
		};
/* End PBXNativeTarget section */

/* Begin PBXProject section */
		E37AB4F51E1ACA2200B7DC58 /* Project object */ = {
			isa = PBXProject;
			attributes = {
				LastUpgradeCheck = 0730;
				ORGANIZATIONNAME = murugan;
				TargetAttributes = {
					E37AB4FC1E1ACA2200B7DC58 = {
						CreatedOnToolsVersion = 7.3.1;
					};
				};
			};
			buildConfigurationList = E37AB4F81E1ACA2200B7DC58 /* Build configuration list for PBXProject "Lefeside_Menu" */;
			compatibilityVersion = "Xcode 3.2";
			developmentRegion = English;
			hasScannedForEncodings = 0;
			knownRegions = (
				en,
				Base,
			);
			mainGroup = E37AB4F41E1ACA2200B7DC58;
			productRefGroup = E37AB4FE1E1ACA2200B7DC58 /* Products */;
			projectDirPath = "";
			projectRoot = "";
			targets = (
				E37AB4FC1E1ACA2200B7DC58 /* Lefeside_Menu */,
			);
		};
/* End PBXProject section */

/* Begin PBXResourcesBuildPhase section */
		E37AB4FB1E1ACA2200B7DC58 /* Resources */ = {
			isa = PBXResourcesBuildPhase;
			buildActionMask = 2147483647;
			files = (
				E37AB5131E1ACA2300B7DC58 /* LaunchScreen.storyboard in Resources */,
				E37AB5101E1ACA2300B7DC58 /* Assets.xcassets in Resources */,
				E37AB50B1E1ACA2300B7DC58 /* Main.storyboard in Resources */,
			);
			runOnlyForDeploymentPostprocessing = 0;
		};
/* End PBXResourcesBuildPhase section */

/* Begin PBXSourcesBuildPhase section */
		E37AB4F91E1ACA2200B7DC58 /* Sources */ = {
			isa = PBXSourcesBuildPhase;
			buildActionMask = 2147483647;
			files = (
				E37AB5081E1ACA2300B7DC58 /* ViewController.m in Sources */,
				E37AB5051E1ACA2300B7DC58 /* AppDelegate.m in Sources */,
				E37AB5021E1ACA2300B7DC58 /* main.m in Sources */,
				E37AB50E1E1ACA2300B7DC58 /* Lefeside_Menu.xcdatamodeld in Sources */,
			);
			runOnlyForDeploymentPostprocessing = 0;
		};
/* End PBXSourcesBuildPhase section */

/* Begin PBXVariantGroup section */
		E37AB5091E1ACA2300B7DC58 /* Main.storyboard */ = {
			isa = PBXVariantGroup;
			children = (
				E37AB50A1E1ACA2300B7DC58 /* Base */,
			);
			name = Main.storyboard;
			sourceTree = "<group>";
		};
		E37AB5111E1ACA2300B7DC58 /* LaunchScreen.storyboard */ = {
			isa = PBXVariantGroup;
			children = (
				E37AB5121E1ACA2300B7DC58 /* Base */,
			);
			name = LaunchScreen.storyboard;
			sourceTree = "<group>";
		};
/* End PBXVariantGroup section */

/* Begin XCBuildConfiguration section */
		E37AB5151E1ACA2300B7DC58 /* Debug */ = {
			isa = XCBuildConfiguration;
			buildSettings = {
				ALWAYS_SEARCH_USER_PATHS = NO;
				CLANG_ANALYZER_NONNULL = YES;
				CLANG_CXX_LANGUAGE_STANDARD = "gnu++0x";
				CLANG_CXX_LIBRARY = "libc++";
				CLANG_ENABLE_MODULES = YES;
				CLANG_ENABLE_OBJC_ARC = YES;
				CLANG_WARN_BOOL_CONVERSION = YES;
				CLANG_WARN_CONSTANT_CONVERSION = YES;
				CLANG_WARN_DIRECT_OBJC_ISA_USAGE = YES_ERROR;
				CLANG_WARN_EMPTY_BODY = YES;
				CLANG_WARN_ENUM_CONVERSION = YES;
				CLANG_WARN_INT_CONVERSION = YES;
				CLANG_WARN_OBJC_ROOT_CLASS = YES_ERROR;
				CLANG_WARN_UNREACHABLE_CODE = YES;
				CLANG_WARN__DUPLICATE_METHOD_MATCH = YES;
				"CODE_SIGN_IDENTITY[sdk=iphoneos*]" = "iPhone Developer";
				COPY_PHASE_STRIP = NO;
				DEBUG_INFORMATION_FORMAT = dwarf;
				ENABLE_STRICT_OBJC_MSGSEND = YES;
				ENABLE_TESTABILITY = YES;
				GCC_C_LANGUAGE_STANDARD = gnu99;
				GCC_DYNAMIC_NO_PIC = NO;
				GCC_NO_COMMON_BLOCKS = YES;
				GCC_OPTIMIZATION_LEVEL = 0;
				GCC_PREPROCESSOR_DEFINITIONS = (
					"DEBUG=1",
					"$(inherited)",
				);
				GCC_WARN_64_TO_32_BIT_CONVERSION = YES;
				GCC_WARN_ABOUT_RETURN_TYPE = YES_ERROR;
				GCC_WARN_UNDECLARED_SELECTOR = YES;
				GCC_WARN_UNINITIALIZED_AUTOS = YES_AGGRESSIVE;
				GCC_WARN_UNUSED_FUNCTION = YES;
				GCC_WARN_UNUSED_VARIABLE = YES;
				IPHONEOS_DEPLOYMENT_TARGET = 9.3;
				MTL_ENABLE_DEBUG_INFO = YES;
				ONLY_ACTIVE_ARCH = YES;
				SDKROOT = iphoneos;
				TARGETED_DEVICE_FAMILY = "1,2";
			};
			name = Debug;
		};
		E37AB5161E1ACA2300B7DC58 /* Release */ = {
			isa = XCBuildConfiguration;
			buildSettings = {
				ALWAYS_SEARCH_USER_PATHS = NO;
				CLANG_ANALYZER_NONNULL = YES;
				CLANG_CXX_LANGUAGE_STANDARD = "gnu++0x";
				CLANG_CXX_LIBRARY = "libc++";
				CLANG_ENABLE_MODULES = YES;
				CLANG_ENABLE_OBJC_ARC = YES;
				CLANG_WARN_BOOL_CONVERSION = YES;
				CLANG_WARN_CONSTANT_CONVERSION = YES;
				CLANG_WARN_DIRECT_OBJC_ISA_USAGE = YES_ERROR;
				CLANG_WARN_EMPTY_BODY = YES;
				CLANG_WARN_ENUM_CONVERSION = YES;
				CLANG_WARN_INT_CONVERSION = YES;
				CLANG_WARN_OBJC_ROOT_CLASS = YES_ERROR;
				CLANG_WARN_UNREACHABLE_CODE = YES;
				CLANG_WARN__DUPLICATE_METHOD_MATCH = YES;
				"CODE_SIGN_IDENTITY[sdk=iphoneos*]" = "iPhone Developer";
				COPY_PHASE_STRIP = NO;
				DEBUG_INFORMATION_FORMAT = "dwarf-with-dsym";
				ENABLE_NS_ASSERTIONS = NO;
				ENABLE_STRICT_OBJC_MSGSEND = YES;
				GCC_C_LANGUAGE_STANDARD = gnu99;
				GCC_NO_COMMON_BLOCKS = YES;
				GCC_WARN_64_TO_32_BIT_CONVERSION = YES;
				GCC_WARN_ABOUT_RETURN_TYPE = YES_ERROR;
				GCC_WARN_UNDECLARED_SELECTOR = YES;
				GCC_WARN_UNINITIALIZED_AUTOS = YES_AGGRESSIVE;
				GCC_WARN_UNUSED_FUNCTION = YES;
				GCC_WARN_UNUSED_VARIABLE = YES;
				IPHONEOS_DEPLOYMENT_TARGET = 9.3;
				MTL_ENABLE_DEBUG_INFO = NO;
				SDKROOT = iphoneos;
				TARGETED_DEVICE_FAMILY = "1,2";
				VALIDATE_PRODUCT = YES;
			};
			name = Release;
		};
		E37AB5181E1ACA2300B7DC58 /* Debug */ = {
			isa = XCBuildConfiguration;
			buildSettings = {
				ASSETCATALOG_COMPILER_APPICON_NAME = AppIcon;
				INFOPLIST_FILE = Lefeside_Menu/Info.plist;
				LD_RUNPATH_SEARCH_PATHS = "$(inherited) @executable_path/Frameworks";
				PRODUCT_BUNDLE_IDENTIFIER = "com.sample.test.Lefeside-Menu";
				PRODUCT_NAME = "$(TARGET_NAME)";
			};
			name = Debug;
		};
		E37AB5191E1ACA2300B7DC58 /* Release */ = {
			isa = XCBuildConfiguration;
			buildSettings = {
				ASSETCATALOG_COMPILER_APPICON_NAME = AppIcon;
				INFOPLIST_FILE = Lefeside_Menu/Info.plist;
				LD_RUNPATH_SEARCH_PATHS = "$(inherited) @executable_path/Frameworks";
				PRODUCT_BUNDLE_IDENTIFIER = "com.sample.test.Lefeside-Menu";
				PRODUCT_NAME = "$(TARGET_NAME)";
			};
			name = Release;
		};
/* End XCBuildConfiguration section */

/* Begin XCConfigurationList section */
		E37AB4F81E1ACA2200B7DC58 /* Build configuration list for PBXProject "Lefeside_Menu" */ = {
			isa = XCConfigurationList;
			buildConfigurations = (
				E37AB5151E1ACA2300B7DC58 /* Debug */,
				E37AB5161E1ACA2300B7DC58 /* Release */,
			);
			defaultConfigurationIsVisible = 0;
			defaultConfigurationName = Release;
		};
		E37AB5171E1ACA2300B7DC58 /* Build configuration list for PBXNativeTarget "Lefeside_Menu" */ = {
			isa = XCConfigurationList;
			buildConfigurations = (
				E37AB5181E1ACA2300B7DC58 /* Debug */,
				E37AB5191E1ACA2300B7DC58 /* Release */,
			);
			defaultConfigurationIsVisible = 0;
		};
/* End XCConfigurationList section */

/* Begin XCVersionGroup section */
		E37AB50C1E1ACA2300B7DC58 /* Lefeside_Menu.xcdatamodeld */ = {
			isa = XCVersionGroup;
			children = (
				E37AB50D1E1ACA2300B7DC58 /* Lefeside_Menu.xcdatamodel */,
			);
			currentVersion = E37AB50D1E1ACA2300B7DC58 /* Lefeside_Menu.xcdatamodel */;
			path = Lefeside_Menu.xcdatamodeld;
			sourceTree = "<group>";
			versionGroupType = wrapper.xcdatamodel;
		};
/* End XCVersionGroup section */
	};
	rootObject = E37AB4F51E1ACA2200B7DC58 /* Project object */;
}
